// !$*UTF8*$!
{
	archiveVersion = 1;
	classes = {
	};
	objectVersion = 51;
	objects = {

/* Begin PBXBuildFile section */
		7EF2B7A59AB213297ACEFC2C /* Pods_NewsReader.framework in Frameworks */ = {isa = PBXBuildFile; fileRef = 9485CA1E6947113C89C18BB2 /* Pods_NewsReader.framework */; };
		A51583AF23800EF200FAD0BB /* CommaSeparatedListTransform.swift in Sources */ = {isa = PBXBuildFile; fileRef = A51583AE23800EF200FAD0BB /* CommaSeparatedListTransform.swift */; };
		A51583B12380361E00FAD0BB /* ErrorResponse.swift in Sources */ = {isa = PBXBuildFile; fileRef = A51583B02380361E00FAD0BB /* ErrorResponse.swift */; };
		A51583B3238036F600FAD0BB /* BaseResponse.swift in Sources */ = {isa = PBXBuildFile; fileRef = A51583B2238036F600FAD0BB /* BaseResponse.swift */; };
		A5400293237E9BFB00475276 /* PersistentContainerAssembly.swift in Sources */ = {isa = PBXBuildFile; fileRef = A5400292237E9BFB00475276 /* PersistentContainerAssembly.swift */; };
		A58B77BD237E689B00CDBC3D /* Articles.xcdatamodeld in Sources */ = {isa = PBXBuildFile; fileRef = A58B77BB237E689B00CDBC3D /* Articles.xcdatamodeld */; };
		A58B77C4237E8ED500CDBC3D /* ArticlesViewController.swift in Sources */ = {isa = PBXBuildFile; fileRef = A58B77C3237E8ED500CDBC3D /* ArticlesViewController.swift */; };
		A58B77C6237E8F4900CDBC3D /* ArticlesPresenter.swift in Sources */ = {isa = PBXBuildFile; fileRef = A58B77C5237E8F4900CDBC3D /* ArticlesPresenter.swift */; };
		A58B77C8237E8FFB00CDBC3D /* ArticlesAssembly.swift in Sources */ = {isa = PBXBuildFile; fileRef = A58B77C7237E8FFB00CDBC3D /* ArticlesAssembly.swift */; };
		A58B77CB237E931A00CDBC3D /* DI.swift in Sources */ = {isa = PBXBuildFile; fileRef = A58B77CA237E931A00CDBC3D /* DI.swift */; };
		A5B5B387237F1440007B5DDE /* Canceller.swift in Sources */ = {isa = PBXBuildFile; fileRef = A5B5B386237F1440007B5DDE /* Canceller.swift */; };
		A5B71AC1237DA73E00F62A22 /* AppDelegate.swift in Sources */ = {isa = PBXBuildFile; fileRef = A5B71AC0237DA73E00F62A22 /* AppDelegate.swift */; };
		A5B71AC8237DA73F00F62A22 /* Assets.xcassets in Resources */ = {isa = PBXBuildFile; fileRef = A5B71AC7237DA73F00F62A22 /* Assets.xcassets */; };
		A5B71ACB237DA73F00F62A22 /* LaunchScreen.storyboard in Resources */ = {isa = PBXBuildFile; fileRef = A5B71AC9237DA73F00F62A22 /* LaunchScreen.storyboard */; };
		A5CA5F82237DAF26005D5D15 /* Article.swift in Sources */ = {isa = PBXBuildFile; fileRef = A5CA5F81237DAF26005D5D15 /* Article.swift */; };
		A5CA5F84237DBC81005D5D15 /* Source.swift in Sources */ = {isa = PBXBuildFile; fileRef = A5CA5F83237DBC81005D5D15 /* Source.swift */; };
		A5CA5F86237DBD43005D5D15 /* EverythingResponse.swift in Sources */ = {isa = PBXBuildFile; fileRef = A5CA5F85237DBD43005D5D15 /* EverythingResponse.swift */; };
		A5CA5F89237DC339005D5D15 /* NewsApiService.swift in Sources */ = {isa = PBXBuildFile; fileRef = A5CA5F88237DC339005D5D15 /* NewsApiService.swift */; };
		A5CA5F8B237DC48C005D5D15 /* NewsApi.swift in Sources */ = {isa = PBXBuildFile; fileRef = A5CA5F8A237DC48C005D5D15 /* NewsApi.swift */; };
		A5CA5F8D237DC675005D5D15 /* EverythingRequest.swift in Sources */ = {isa = PBXBuildFile; fileRef = A5CA5F8C237DC675005D5D15 /* EverythingRequest.swift */; };
		A5CA5F90237DD732005D5D15 /* NewsApiServiceAssembly.swift in Sources */ = {isa = PBXBuildFile; fileRef = A5CA5F8F237DD732005D5D15 /* NewsApiServiceAssembly.swift */; };
		A5F14DC0237E9666004B24E5 /* ArticleTableViewCell.swift in Sources */ = {isa = PBXBuildFile; fileRef = A5F14DBF237E9666004B24E5 /* ArticleTableViewCell.swift */; };
/* End PBXBuildFile section */

/* Begin PBXFileReference section */
		81F38D5B85B538C63935D141 /* Pods-NewsReader.release.xcconfig */ = {isa = PBXFileReference; includeInIndex = 1; lastKnownFileType = text.xcconfig; name = "Pods-NewsReader.release.xcconfig"; path = "Target Support Files/Pods-NewsReader/Pods-NewsReader.release.xcconfig"; sourceTree = "<group>"; };
		9485CA1E6947113C89C18BB2 /* Pods_NewsReader.framework */ = {isa = PBXFileReference; explicitFileType = wrapper.framework; includeInIndex = 0; path = Pods_NewsReader.framework; sourceTree = BUILT_PRODUCTS_DIR; };
		A51583AE23800EF200FAD0BB /* CommaSeparatedListTransform.swift */ = {isa = PBXFileReference; lastKnownFileType = sourcecode.swift; path = CommaSeparatedListTransform.swift; sourceTree = "<group>"; };
		A51583B02380361E00FAD0BB /* ErrorResponse.swift */ = {isa = PBXFileReference; lastKnownFileType = sourcecode.swift; path = ErrorResponse.swift; sourceTree = "<group>"; };
		A51583B2238036F600FAD0BB /* BaseResponse.swift */ = {isa = PBXFileReference; lastKnownFileType = sourcecode.swift; path = BaseResponse.swift; sourceTree = "<group>"; };
		A5400292237E9BFB00475276 /* PersistentContainerAssembly.swift */ = {isa = PBXFileReference; lastKnownFileType = sourcecode.swift; path = PersistentContainerAssembly.swift; sourceTree = "<group>"; };
		A58B77BC237E689B00CDBC3D /* Articles.xcdatamodel */ = {isa = PBXFileReference; lastKnownFileType = wrapper.xcdatamodel; path = Articles.xcdatamodel; sourceTree = "<group>"; };
		A58B77C3237E8ED500CDBC3D /* ArticlesViewController.swift */ = {isa = PBXFileReference; lastKnownFileType = sourcecode.swift; path = ArticlesViewController.swift; sourceTree = "<group>"; };
		A58B77C5237E8F4900CDBC3D /* ArticlesPresenter.swift */ = {isa = PBXFileReference; lastKnownFileType = sourcecode.swift; path = ArticlesPresenter.swift; sourceTree = "<group>"; };
		A58B77C7237E8FFB00CDBC3D /* ArticlesAssembly.swift */ = {isa = PBXFileReference; lastKnownFileType = sourcecode.swift; path = ArticlesAssembly.swift; sourceTree = "<group>"; };
		A58B77CA237E931A00CDBC3D /* DI.swift */ = {isa = PBXFileReference; lastKnownFileType = sourcecode.swift; path = DI.swift; sourceTree = "<group>"; };
		A5B5B386237F1440007B5DDE /* Canceller.swift */ = {isa = PBXFileReference; lastKnownFileType = sourcecode.swift; path = Canceller.swift; sourceTree = "<group>"; };
		A5B71ABD237DA73E00F62A22 /* NewsReader.app */ = {isa = PBXFileReference; explicitFileType = wrapper.application; includeInIndex = 0; path = NewsReader.app; sourceTree = BUILT_PRODUCTS_DIR; };
		A5B71AC0237DA73E00F62A22 /* AppDelegate.swift */ = {isa = PBXFileReference; lastKnownFileType = sourcecode.swift; path = AppDelegate.swift; sourceTree = "<group>"; };
		A5B71AC7237DA73F00F62A22 /* Assets.xcassets */ = {isa = PBXFileReference; lastKnownFileType = folder.assetcatalog; path = Assets.xcassets; sourceTree = "<group>"; };
		A5B71ACA237DA73F00F62A22 /* Base */ = {isa = PBXFileReference; lastKnownFileType = file.storyboard; name = Base; path = Base.lproj/LaunchScreen.storyboard; sourceTree = "<group>"; };
		A5B71ACC237DA73F00F62A22 /* Info.plist */ = {isa = PBXFileReference; lastKnownFileType = text.plist.xml; path = Info.plist; sourceTree = "<group>"; };
		A5CA5F81237DAF26005D5D15 /* Article.swift */ = {isa = PBXFileReference; lastKnownFileType = sourcecode.swift; path = Article.swift; sourceTree = "<group>"; };
		A5CA5F83237DBC81005D5D15 /* Source.swift */ = {isa = PBXFileReference; lastKnownFileType = sourcecode.swift; path = Source.swift; sourceTree = "<group>"; };
		A5CA5F85237DBD43005D5D15 /* EverythingResponse.swift */ = {isa = PBXFileReference; lastKnownFileType = sourcecode.swift; path = EverythingResponse.swift; sourceTree = "<group>"; };
		A5CA5F88237DC339005D5D15 /* NewsApiService.swift */ = {isa = PBXFileReference; lastKnownFileType = sourcecode.swift; path = NewsApiService.swift; sourceTree = "<group>"; };
		A5CA5F8A237DC48C005D5D15 /* NewsApi.swift */ = {isa = PBXFileReference; lastKnownFileType = sourcecode.swift; path = NewsApi.swift; sourceTree = "<group>"; };
		A5CA5F8C237DC675005D5D15 /* EverythingRequest.swift */ = {isa = PBXFileReference; lastKnownFileType = sourcecode.swift; path = EverythingRequest.swift; sourceTree = "<group>"; };
		A5CA5F8F237DD732005D5D15 /* NewsApiServiceAssembly.swift */ = {isa = PBXFileReference; lastKnownFileType = sourcecode.swift; path = NewsApiServiceAssembly.swift; sourceTree = "<group>"; };
		A5F14DBF237E9666004B24E5 /* ArticleTableViewCell.swift */ = {isa = PBXFileReference; lastKnownFileType = sourcecode.swift; path = ArticleTableViewCell.swift; sourceTree = "<group>"; };
		FFB61B40678BE667C88DE776 /* Pods-NewsReader.debug.xcconfig */ = {isa = PBXFileReference; includeInIndex = 1; lastKnownFileType = text.xcconfig; name = "Pods-NewsReader.debug.xcconfig"; path = "Target Support Files/Pods-NewsReader/Pods-NewsReader.debug.xcconfig"; sourceTree = "<group>"; };
/* End PBXFileReference section */

/* Begin PBXFrameworksBuildPhase section */
		A5B71ABA237DA73E00F62A22 /* Frameworks */ = {
			isa = PBXFrameworksBuildPhase;
			buildActionMask = 2147483647;
			files = (
				7EF2B7A59AB213297ACEFC2C /* Pods_NewsReader.framework in Frameworks */,
			);
			runOnlyForDeploymentPostprocessing = 0;
		};
/* End PBXFrameworksBuildPhase section */

/* Begin PBXGroup section */
		07C5A9995AA5E33AA261A3FD /* Frameworks */ = {
			isa = PBXGroup;
			children = (
				9485CA1E6947113C89C18BB2 /* Pods_NewsReader.framework */,
			);
			name = Frameworks;
			sourceTree = "<group>";
		};
		9D4A777505F5F04153A33855 /* Pods */ = {
			isa = PBXGroup;
			children = (
				FFB61B40678BE667C88DE776 /* Pods-NewsReader.debug.xcconfig */,
				81F38D5B85B538C63935D141 /* Pods-NewsReader.release.xcconfig */,
			);
			path = Pods;
			sourceTree = "<group>";
		};
		A51583B423803A2400FAD0BB /* Responses */ = {
			isa = PBXGroup;
			children = (
				A51583B2238036F600FAD0BB /* BaseResponse.swift */,
				A5CA5F85237DBD43005D5D15 /* EverythingResponse.swift */,
				A51583B02380361E00FAD0BB /* ErrorResponse.swift */,
			);
			path = Responses;
			sourceTree = "<group>";
		};
		A51583B523803A6A00FAD0BB /* Requests */ = {
			isa = PBXGroup;
			children = (
				A5CA5F8C237DC675005D5D15 /* EverythingRequest.swift */,
			);
			path = Requests;
			sourceTree = "<group>";
		};
		A58B77BA237E67D700CDBC3D /* Storage */ = {
			isa = PBXGroup;
			children = (
				A58B77BB237E689B00CDBC3D /* Articles.xcdatamodeld */,
				A5400292237E9BFB00475276 /* PersistentContainerAssembly.swift */,
			);
			path = Storage;
			sourceTree = "<group>";
		};
		A58B77C2237E8E9600CDBC3D /* ArticlesViewController */ = {
			isa = PBXGroup;
			children = (
				A5F14DBE237E9651004B24E5 /* Cells */,
				A58B77C3237E8ED500CDBC3D /* ArticlesViewController.swift */,
				A58B77C5237E8F4900CDBC3D /* ArticlesPresenter.swift */,
				A58B77C7237E8FFB00CDBC3D /* ArticlesAssembly.swift */,
			);
			path = ArticlesViewController;
			sourceTree = "<group>";
		};
		A58B77C9237E930C00CDBC3D /* DI */ = {
			isa = PBXGroup;
			children = (
				A58B77CA237E931A00CDBC3D /* DI.swift */,
			);
			path = DI;
			sourceTree = "<group>";
		};
		A5B5B385237F1427007B5DDE /* Helpers */ = {
			isa = PBXGroup;
			children = (
				A5B5B386237F1440007B5DDE /* Canceller.swift */,
				A51583AE23800EF200FAD0BB /* CommaSeparatedListTransform.swift */,
			);
			path = Helpers;
			sourceTree = "<group>";
		};
		A5B71AB4237DA73E00F62A22 = {
			isa = PBXGroup;
			children = (
				A5B71ABF237DA73E00F62A22 /* NewsReader */,
				A5B71ABE237DA73E00F62A22 /* Products */,
				9D4A777505F5F04153A33855 /* Pods */,
				07C5A9995AA5E33AA261A3FD /* Frameworks */,
			);
			sourceTree = "<group>";
		};
		A5B71ABE237DA73E00F62A22 /* Products */ = {
			isa = PBXGroup;
			children = (
				A5B71ABD237DA73E00F62A22 /* NewsReader.app */,
			);
			name = Products;
			sourceTree = "<group>";
		};
		A5B71ABF237DA73E00F62A22 /* NewsReader */ = {
			isa = PBXGroup;
			children = (
				A5B5B385237F1427007B5DDE /* Helpers */,
				A58B77C9237E930C00CDBC3D /* DI */,
				A58B77C2237E8E9600CDBC3D /* ArticlesViewController */,
				A58B77BA237E67D700CDBC3D /* Storage */,
				A5CA5F87237DC31B005D5D15 /* NewsApiService */,
				A5B71AC0237DA73E00F62A22 /* AppDelegate.swift */,
				A5B71AC7237DA73F00F62A22 /* Assets.xcassets */,
				A5B71AC9237DA73F00F62A22 /* LaunchScreen.storyboard */,
				A5B71ACC237DA73F00F62A22 /* Info.plist */,
			);
			path = NewsReader;
			sourceTree = "<group>";
		};
		A5CA5F80237DAF01005D5D15 /* Models */ = {
			isa = PBXGroup;
			children = (
				A5CA5F81237DAF26005D5D15 /* Article.swift */,
				A5CA5F83237DBC81005D5D15 /* Source.swift */,
			);
			path = Models;
			sourceTree = "<group>";
		};
		A5CA5F87237DC31B005D5D15 /* NewsApiService */ = {
			isa = PBXGroup;
			children = (
				A51583B523803A6A00FAD0BB /* Requests */,
				A51583B423803A2400FAD0BB /* Responses */,
				A5CA5F8E237DD712005D5D15 /* Api */,
				A5CA5F80237DAF01005D5D15 /* Models */,
				A5CA5F88237DC339005D5D15 /* NewsApiService.swift */,
				A5CA5F8F237DD732005D5D15 /* NewsApiServiceAssembly.swift */,
			);
			path = NewsApiService;
			sourceTree = "<group>";
		};
		A5CA5F8E237DD712005D5D15 /* Api */ = {
			isa = PBXGroup;
			children = (
				A5CA5F8A237DC48C005D5D15 /* NewsApi.swift */,
			);
			path = Api;
			sourceTree = "<group>";
		};
		A5F14DBE237E9651004B24E5 /* Cells */ = {
			isa = PBXGroup;
			children = (
				A5F14DBF237E9666004B24E5 /* ArticleTableViewCell.swift */,
			);
			path = Cells;
			sourceTree = "<group>";
		};
/* End PBXGroup section */

/* Begin PBXNativeTarget section */
		A5B71ABC237DA73E00F62A22 /* NewsReader */ = {
			isa = PBXNativeTarget;
			buildConfigurationList = A5B71ACF237DA73F00F62A22 /* Build configuration list for PBXNativeTarget "NewsReader" */;
			buildPhases = (
				E827FC02F96DDC6F10B783BC /* [CP] Check Pods Manifest.lock */,
				A5B71AB9237DA73E00F62A22 /* Sources */,
				A5B71ABA237DA73E00F62A22 /* Frameworks */,
				A5B71ABB237DA73E00F62A22 /* Resources */,
				22FECF455A401C40451CA46B /* [CP] Embed Pods Frameworks */,
				A5CA5F7F237DACFF005D5D15 /* Swiftlint */,
			);
			buildRules = (
			);
			dependencies = (
			);
			name = NewsReader;
			productName = NewsReader;
			productReference = A5B71ABD237DA73E00F62A22 /* NewsReader.app */;
			productType = "com.apple.product-type.application";
		};
/* End PBXNativeTarget section */

/* Begin PBXProject section */
		A5B71AB5237DA73E00F62A22 /* Project object */ = {
			isa = PBXProject;
			attributes = {
				LastSwiftUpdateCheck = 1030;
				LastUpgradeCheck = 1030;
				ORGANIZATIONNAME = "Sergey V. Krupov";
				TargetAttributes = {
					A5B71ABC237DA73E00F62A22 = {
						CreatedOnToolsVersion = 10.3;
					};
				};
			};
			buildConfigurationList = A5B71AB8237DA73E00F62A22 /* Build configuration list for PBXProject "NewsReader" */;
			compatibilityVersion = "Xcode 9.3";
			developmentRegion = en;
			hasScannedForEncodings = 0;
			knownRegions = (
				en,
				Base,
			);
			mainGroup = A5B71AB4237DA73E00F62A22;
			productRefGroup = A5B71ABE237DA73E00F62A22 /* Products */;
			projectDirPath = "";
			projectRoot = "";
			targets = (
				A5B71ABC237DA73E00F62A22 /* NewsReader */,
			);
		};
/* End PBXProject section */

/* Begin PBXResourcesBuildPhase section */
		A5B71ABB237DA73E00F62A22 /* Resources */ = {
			isa = PBXResourcesBuildPhase;
			buildActionMask = 2147483647;
			files = (
				A5B71ACB237DA73F00F62A22 /* LaunchScreen.storyboard in Resources */,
				A5B71AC8237DA73F00F62A22 /* Assets.xcassets in Resources */,
			);
			runOnlyForDeploymentPostprocessing = 0;
		};
/* End PBXResourcesBuildPhase section */

/* Begin PBXShellScriptBuildPhase section */
		22FECF455A401C40451CA46B /* [CP] Embed Pods Frameworks */ = {
			isa = PBXShellScriptBuildPhase;
			buildActionMask = 2147483647;
			files = (
			);
			inputFileListPaths = (
				"${PODS_ROOT}/Target Support Files/Pods-NewsReader/Pods-NewsReader-frameworks-${CONFIGURATION}-input-files.xcfilelist",
			);
			name = "[CP] Embed Pods Frameworks";
			outputFileListPaths = (
				"${PODS_ROOT}/Target Support Files/Pods-NewsReader/Pods-NewsReader-frameworks-${CONFIGURATION}-output-files.xcfilelist",
			);
			runOnlyForDeploymentPostprocessing = 0;
			shellPath = /bin/sh;
			shellScript = "\"${PODS_ROOT}/Target Support Files/Pods-NewsReader/Pods-NewsReader-frameworks.sh\"\n";
			showEnvVarsInLog = 0;
		};
		A5CA5F7F237DACFF005D5D15 /* Swiftlint */ = {
			isa = PBXShellScriptBuildPhase;
			buildActionMask = 2147483647;
			files = (
			);
			inputFileListPaths = (
			);
			inputPaths = (
			);
			name = Swiftlint;
			outputFileListPaths = (
			);
			outputPaths = (
			);
			runOnlyForDeploymentPostprocessing = 0;
			shellPath = /bin/sh;
			shellScript = "${PODS_ROOT}/SwiftLint/swiftlint\n";
		};
		E827FC02F96DDC6F10B783BC /* [CP] Check Pods Manifest.lock */ = {
			isa = PBXShellScriptBuildPhase;
			buildActionMask = 2147483647;
			files = (
			);
			inputFileListPaths = (
			);
			inputPaths = (
				"${PODS_PODFILE_DIR_PATH}/Podfile.lock",
				"${PODS_ROOT}/Manifest.lock",
			);
			name = "[CP] Check Pods Manifest.lock";
			outputFileListPaths = (
			);
			outputPaths = (
				"$(DERIVED_FILE_DIR)/Pods-NewsReader-checkManifestLockResult.txt",
			);
			runOnlyForDeploymentPostprocessing = 0;
			shellPath = /bin/sh;
			shellScript = "diff \"${PODS_PODFILE_DIR_PATH}/Podfile.lock\" \"${PODS_ROOT}/Manifest.lock\" > /dev/null\nif [ $? != 0 ] ; then\n    # print error to STDERR\n    echo \"error: The sandbox is not in sync with the Podfile.lock. Run 'pod install' or update your CocoaPods installation.\" >&2\n    exit 1\nfi\n# This output is used by Xcode 'outputs' to avoid re-running this script phase.\necho \"SUCCESS\" > \"${SCRIPT_OUTPUT_FILE_0}\"\n";
			showEnvVarsInLog = 0;
		};
/* End PBXShellScriptBuildPhase section */

/* Begin PBXSourcesBuildPhase section */
		A5B71AB9237DA73E00F62A22 /* Sources */ = {
			isa = PBXSourcesBuildPhase;
			buildActionMask = 2147483647;
			files = (
				A51583AF23800EF200FAD0BB /* CommaSeparatedListTransform.swift in Sources */,
				A5400293237E9BFB00475276 /* PersistentContainerAssembly.swift in Sources */,
				A58B77C8237E8FFB00CDBC3D /* ArticlesAssembly.swift in Sources */,
				A5CA5F8D237DC675005D5D15 /* EverythingRequest.swift in Sources */,
				A5CA5F86237DBD43005D5D15 /* EverythingResponse.swift in Sources */,
				A5CA5F84237DBC81005D5D15 /* Source.swift in Sources */,
				A5B71AC1237DA73E00F62A22 /* AppDelegate.swift in Sources */,
				A5CA5F82237DAF26005D5D15 /* Article.swift in Sources */,
				A58B77C6237E8F4900CDBC3D /* ArticlesPresenter.swift in Sources */,
				A58B77CB237E931A00CDBC3D /* DI.swift in Sources */,
				A5B5B387237F1440007B5DDE /* Canceller.swift in Sources */,
				A58B77BD237E689B00CDBC3D /* Articles.xcdatamodeld in Sources */,
				A5CA5F89237DC339005D5D15 /* NewsApiService.swift in Sources */,
				A5CA5F90237DD732005D5D15 /* NewsApiServiceAssembly.swift in Sources */,
				A5F14DC0237E9666004B24E5 /* ArticleTableViewCell.swift in Sources */,
				A51583B3238036F600FAD0BB /* BaseResponse.swift in Sources */,
				A51583B12380361E00FAD0BB /* ErrorResponse.swift in Sources */,
				A58B77C4237E8ED500CDBC3D /* ArticlesViewController.swift in Sources */,
				A5CA5F8B237DC48C005D5D15 /* NewsApi.swift in Sources */,
			);
			runOnlyForDeploymentPostprocessing = 0;
		};
/* End PBXSourcesBuildPhase section */

/* Begin PBXVariantGroup section */
		A5B71AC9237DA73F00F62A22 /* LaunchScreen.storyboard */ = {
			isa = PBXVariantGroup;
			children = (
				A5B71ACA237DA73F00F62A22 /* Base */,
			);
			name = LaunchScreen.storyboard;
			sourceTree = "<group>";
		};
/* End PBXVariantGroup section */

/* Begin XCBuildConfiguration section */
		A5B71ACD237DA73F00F62A22 /* Debug */ = {
			isa = XCBuildConfiguration;
			buildSettings = {
				ALWAYS_SEARCH_USER_PATHS = NO;
				CLANG_ANALYZER_NONNULL = YES;
				CLANG_ANALYZER_NUMBER_OBJECT_CONVERSION = YES_AGGRESSIVE;
				CLANG_CXX_LANGUAGE_STANDARD = "gnu++14";
				CLANG_CXX_LIBRARY = "libc++";
				CLANG_ENABLE_MODULES = YES;
				CLANG_ENABLE_OBJC_ARC = YES;
				CLANG_ENABLE_OBJC_WEAK = YES;
				CLANG_WARN_BLOCK_CAPTURE_AUTORELEASING = YES;
				CLANG_WARN_BOOL_CONVERSION = YES;
				CLANG_WARN_COMMA = YES;
				CLANG_WARN_CONSTANT_CONVERSION = YES;
				CLANG_WARN_DEPRECATED_OBJC_IMPLEMENTATIONS = YES;
				CLANG_WARN_DIRECT_OBJC_ISA_USAGE = YES_ERROR;
				CLANG_WARN_DOCUMENTATION_COMMENTS = YES;
				CLANG_WARN_EMPTY_BODY = YES;
				CLANG_WARN_ENUM_CONVERSION = YES;
				CLANG_WARN_INFINITE_RECURSION = YES;
				CLANG_WARN_INT_CONVERSION = YES;
				CLANG_WARN_NON_LITERAL_NULL_CONVERSION = YES;
				CLANG_WARN_OBJC_IMPLICIT_RETAIN_SELF = YES;
				CLANG_WARN_OBJC_LITERAL_CONVERSION = YES;
				CLANG_WARN_OBJC_ROOT_CLASS = YES_ERROR;
				CLANG_WARN_RANGE_LOOP_ANALYSIS = YES;
				CLANG_WARN_STRICT_PROTOTYPES = YES;
				CLANG_WARN_SUSPICIOUS_MOVE = YES;
				CLANG_WARN_UNGUARDED_AVAILABILITY = YES_AGGRESSIVE;
				CLANG_WARN_UNREACHABLE_CODE = YES;
				CLANG_WARN__DUPLICATE_METHOD_MATCH = YES;
				CODE_SIGN_IDENTITY = "iPhone Developer";
				COPY_PHASE_STRIP = NO;
				DEBUG_INFORMATION_FORMAT = dwarf;
				ENABLE_STRICT_OBJC_MSGSEND = YES;
				ENABLE_TESTABILITY = YES;
				GCC_C_LANGUAGE_STANDARD = gnu11;
				GCC_DYNAMIC_NO_PIC = NO;
				GCC_NO_COMMON_BLOCKS = YES;
				GCC_OPTIMIZATION_LEVEL = 0;
				GCC_PREPROCESSOR_DEFINITIONS = (
					"DEBUG=1",
					"$(inherited)",
				);
				GCC_WARN_64_TO_32_BIT_CONVERSION = YES;
				GCC_WARN_ABOUT_RETURN_TYPE = YES_ERROR;
				GCC_WARN_UNDECLARED_SELECTOR = YES;
				GCC_WARN_UNINITIALIZED_AUTOS = YES_AGGRESSIVE;
				GCC_WARN_UNUSED_FUNCTION = YES;
				GCC_WARN_UNUSED_VARIABLE = YES;
				IPHONEOS_DEPLOYMENT_TARGET = 11.0;
				MTL_ENABLE_DEBUG_INFO = INCLUDE_SOURCE;
				MTL_FAST_MATH = YES;
				ONLY_ACTIVE_ARCH = YES;
				SDKROOT = iphoneos;
				SWIFT_ACTIVE_COMPILATION_CONDITIONS = DEBUG;
				SWIFT_OPTIMIZATION_LEVEL = "-Onone";
			};
			name = Debug;
		};
		A5B71ACE237DA73F00F62A22 /* Release */ = {
			isa = XCBuildConfiguration;
			buildSettings = {
				ALWAYS_SEARCH_USER_PATHS = NO;
				CLANG_ANALYZER_NONNULL = YES;
				CLANG_ANALYZER_NUMBER_OBJECT_CONVERSION = YES_AGGRESSIVE;
				CLANG_CXX_LANGUAGE_STANDARD = "gnu++14";
				CLANG_CXX_LIBRARY = "libc++";
				CLANG_ENABLE_MODULES = YES;
				CLANG_ENABLE_OBJC_ARC = YES;
				CLANG_ENABLE_OBJC_WEAK = YES;
				CLANG_WARN_BLOCK_CAPTURE_AUTORELEASING = YES;
				CLANG_WARN_BOOL_CONVERSION = YES;
				CLANG_WARN_COMMA = YES;
				CLANG_WARN_CONSTANT_CONVERSION = YES;
				CLANG_WARN_DEPRECATED_OBJC_IMPLEMENTATIONS = YES;
				CLANG_WARN_DIRECT_OBJC_ISA_USAGE = YES_ERROR;
				CLANG_WARN_DOCUMENTATION_COMMENTS = YES;
				CLANG_WARN_EMPTY_BODY = YES;
				CLANG_WARN_ENUM_CONVERSION = YES;
				CLANG_WARN_INFINITE_RECURSION = YES;
				CLANG_WARN_INT_CONVERSION = YES;
				CLANG_WARN_NON_LITERAL_NULL_CONVERSION = YES;
				CLANG_WARN_OBJC_IMPLICIT_RETAIN_SELF = YES;
				CLANG_WARN_OBJC_LITERAL_CONVERSION = YES;
				CLANG_WARN_OBJC_ROOT_CLASS = YES_ERROR;
				CLANG_WARN_RANGE_LOOP_ANALYSIS = YES;
				CLANG_WARN_STRICT_PROTOTYPES = YES;
				CLANG_WARN_SUSPICIOUS_MOVE = YES;
				CLANG_WARN_UNGUARDED_AVAILABILITY = YES_AGGRESSIVE;
				CLANG_WARN_UNREACHABLE_CODE = YES;
				CLANG_WARN__DUPLICATE_METHOD_MATCH = YES;
				CODE_SIGN_IDENTITY = "iPhone Developer";
				COPY_PHASE_STRIP = NO;
				DEBUG_INFORMATION_FORMAT = "dwarf-with-dsym";
				ENABLE_NS_ASSERTIONS = NO;
				ENABLE_STRICT_OBJC_MSGSEND = YES;
				GCC_C_LANGUAGE_STANDARD = gnu11;
				GCC_NO_COMMON_BLOCKS = YES;
				GCC_WARN_64_TO_32_BIT_CONVERSION = YES;
				GCC_WARN_ABOUT_RETURN_TYPE = YES_ERROR;
				GCC_WARN_UNDECLARED_SELECTOR = YES;
				GCC_WARN_UNINITIALIZED_AUTOS = YES_AGGRESSIVE;
				GCC_WARN_UNUSED_FUNCTION = YES;
				GCC_WARN_UNUSED_VARIABLE = YES;
				IPHONEOS_DEPLOYMENT_TARGET = 11.0;
				MTL_ENABLE_DEBUG_INFO = NO;
				MTL_FAST_MATH = YES;
				SDKROOT = iphoneos;
				SWIFT_COMPILATION_MODE = wholemodule;
				SWIFT_OPTIMIZATION_LEVEL = "-O";
				VALIDATE_PRODUCT = YES;
			};
			name = Release;
		};
		A5B71AD0237DA73F00F62A22 /* Debug */ = {
			isa = XCBuildConfiguration;
			baseConfigurationReference = FFB61B40678BE667C88DE776 /* Pods-NewsReader.debug.xcconfig */;
			buildSettings = {
				ASSETCATALOG_COMPILER_APPICON_NAME = AppIcon;
				CODE_SIGN_STYLE = Automatic;
				DEVELOPMENT_TEAM = KEVPANW55R;
				INFOPLIST_FILE = NewsReader/Info.plist;
				LD_RUNPATH_SEARCH_PATHS = (
					"$(inherited)",
					"@executable_path/Frameworks",
				);
				PRODUCT_BUNDLE_IDENTIFIER = com.foo.bar.NewsReader;
				PRODUCT_NAME = "$(TARGET_NAME)";
				SWIFT_VERSION = 5.0;
				TARGETED_DEVICE_FAMILY = "1,2";
			};
			name = Debug;
		};
		A5B71AD1237DA73F00F62A22 /* Release */ = {
			isa = XCBuildConfiguration;
			baseConfigurationReference = 81F38D5B85B538C63935D141 /* Pods-NewsReader.release.xcconfig */;
			buildSettings = {
				ASSETCATALOG_COMPILER_APPICON_NAME = AppIcon;
				CODE_SIGN_STYLE = Automatic;
				DEVELOPMENT_TEAM = KEVPANW55R;
				INFOPLIST_FILE = NewsReader/Info.plist;
				LD_RUNPATH_SEARCH_PATHS = (
					"$(inherited)",
					"@executable_path/Frameworks",
				);
				PRODUCT_BUNDLE_IDENTIFIER = com.foo.bar.NewsReader;
				PRODUCT_NAME = "$(TARGET_NAME)";
				SWIFT_VERSION = 5.0;
				TARGETED_DEVICE_FAMILY = "1,2";
			};
			name = Release;
		};
/* End XCBuildConfiguration section */

/* Begin XCConfigurationList section */
		A5B71AB8237DA73E00F62A22 /* Build configuration list for PBXProject "NewsReader" */ = {
			isa = XCConfigurationList;
			buildConfigurations = (
				A5B71ACD237DA73F00F62A22 /* Debug */,
				A5B71ACE237DA73F00F62A22 /* Release */,
			);
			defaultConfigurationIsVisible = 0;
			defaultConfigurationName = Release;
		};
		A5B71ACF237DA73F00F62A22 /* Build configuration list for PBXNativeTarget "NewsReader" */ = {
			isa = XCConfigurationList;
			buildConfigurations = (
				A5B71AD0237DA73F00F62A22 /* Debug */,
				A5B71AD1237DA73F00F62A22 /* Release */,
			);
			defaultConfigurationIsVisible = 0;
			defaultConfigurationName = Release;
		};
/* End XCConfigurationList section */

/* Begin XCVersionGroup section */
		A58B77BB237E689B00CDBC3D /* Articles.xcdatamodeld */ = {
			isa = XCVersionGroup;
			children = (
				A58B77BC237E689B00CDBC3D /* Articles.xcdatamodel */,
			);
			currentVersion = A58B77BC237E689B00CDBC3D /* Articles.xcdatamodel */;
			path = Articles.xcdatamodeld;
			sourceTree = "<group>";
			versionGroupType = wrapper.xcdatamodel;
		};
/* End XCVersionGroup section */
	};
	rootObject = A5B71AB5237DA73E00F62A22 /* Project object */;
}
